// !$*UTF8*$!
{
	archiveVersion = 1;
	classes = {
	};
	objectVersion = 46;
	objects = {

/* Begin PBXBuildFile section */
		E1294AB618DEDADC00D6703A /* Foundation.framework in Frameworks */ = {isa = PBXBuildFile; fileRef = E1294AB518DEDADC00D6703A /* Foundation.framework */; };
		E1294AB818DEDADC00D6703A /* CoreGraphics.framework in Frameworks */ = {isa = PBXBuildFile; fileRef = E1294AB718DEDADC00D6703A /* CoreGraphics.framework */; };
		E1294ABA18DEDADC00D6703A /* UIKit.framework in Frameworks */ = {isa = PBXBuildFile; fileRef = E1294AB918DEDADC00D6703A /* UIKit.framework */; };
		E1294AC018DEDADC00D6703A /* InfoPlist.strings in Resources */ = {isa = PBXBuildFile; fileRef = E1294ABE18DEDADC00D6703A /* InfoPlist.strings */; };
		E1294AC218DEDADC00D6703A /* main.m in Sources */ = {isa = PBXBuildFile; fileRef = E1294AC118DEDADC00D6703A /* main.m */; };
		E1294AC618DEDADC00D6703A /* AppDelegate.m in Sources */ = {isa = PBXBuildFile; fileRef = E1294AC518DEDADC00D6703A /* AppDelegate.m */; };
		E1294AC818DEDADC00D6703A /* Images.xcassets in Resources */ = {isa = PBXBuildFile; fileRef = E1294AC718DEDADC00D6703A /* Images.xcassets */; };
		E1294ACF18DEDADC00D6703A /* XCTest.framework in Frameworks */ = {isa = PBXBuildFile; fileRef = E1294ACE18DEDADC00D6703A /* XCTest.framework */; };
		E1294AD018DEDADC00D6703A /* Foundation.framework in Frameworks */ = {isa = PBXBuildFile; fileRef = E1294AB518DEDADC00D6703A /* Foundation.framework */; };
		E1294AD118DEDADC00D6703A /* UIKit.framework in Frameworks */ = {isa = PBXBuildFile; fileRef = E1294AB918DEDADC00D6703A /* UIKit.framework */; };
		E1294AD918DEDADC00D6703A /* InfoPlist.strings in Resources */ = {isa = PBXBuildFile; fileRef = E1294AD718DEDADC00D6703A /* InfoPlist.strings */; };
		E1294ADB18DEDADC00D6703A /* MoivePlayerTestTests.m in Sources */ = {isa = PBXBuildFile; fileRef = E1294ADA18DEDADC00D6703A /* MoivePlayerTestTests.m */; };
		E1294AE618DEDB4800D6703A /* RootViewController.m in Sources */ = {isa = PBXBuildFile; fileRef = E1294AE518DEDB4800D6703A /* RootViewController.m */; };
		E1294AE818DEDC5400D6703A /* Movie.m4v in Resources */ = {isa = PBXBuildFile; fileRef = E1294AE718DEDC5400D6703A /* Movie.m4v */; };
		E1294AEA18DEDC8700D6703A /* MediaPlayer.framework in Frameworks */ = {isa = PBXBuildFile; fileRef = E1294AE918DEDC8700D6703A /* MediaPlayer.framework */; };
		E1F67F5D18E6B3C900A34556 /* airplay_disable.png in Resources */ = {isa = PBXBuildFile; fileRef = E1F67F3018E6B3C900A34556 /* airplay_disable.png */; };
		E1F67F5E18E6B3C900A34556 /* airplay_normal.png in Resources */ = {isa = PBXBuildFile; fileRef = E1F67F3118E6B3C900A34556 /* airplay_normal.png */; };
		E1F67F5F18E6B3C900A34556 /* airplay_on.png in Resources */ = {isa = PBXBuildFile; fileRef = E1F67F3218E6B3C900A34556 /* airplay_on.png */; };
		E1F67F6018E6B3C900A34556 /* player_bottom_bg.png in Resources */ = {isa = PBXBuildFile; fileRef = E1F67F3318E6B3C900A34556 /* player_bottom_bg.png */; };
		E1F67F6118E6B3C900A34556 /* bottom_browser_back_disable.png in Resources */ = {isa = PBXBuildFile; fileRef = E1F67F3418E6B3C900A34556 /* bottom_browser_back_disable.png */; };
		E1F67F6218E6B3C900A34556 /* bottom_browser_back_normal.png in Resources */ = {isa = PBXBuildFile; fileRef = E1F67F3518E6B3C900A34556 /* bottom_browser_back_normal.png */; };
		E1F67F6318E6B3C900A34556 /* bright_screen_pop_bg.png in Resources */ = {isa = PBXBuildFile; fileRef = E1F67F3618E6B3C900A34556 /* bright_screen_pop_bg.png */; };
		E1F67F6418E6B3C900A34556 /* definition_click.png in Resources */ = {isa = PBXBuildFile; fileRef = E1F67F3718E6B3C900A34556 /* definition_click.png */; };
		E1F67F6518E6B3C900A34556 /* definition_normal.png in Resources */ = {isa = PBXBuildFile; fileRef = E1F67F3818E6B3C900A34556 /* definition_normal.png */; };
		E1F67F6618E6B3C900A34556 /* definition_spread_out_bg.png in Resources */ = {isa = PBXBuildFile; fileRef = E1F67F3918E6B3C900A34556 /* definition_spread_out_bg.png */; };
		E1F67F6718E6B3C900A34556 /* definition_spread_out_cut_line.png in Resources */ = {isa = PBXBuildFile; fileRef = E1F67F3A18E6B3C900A34556 /* definition_spread_out_cut_line.png */; };
		E1F67F6818E6B3C900A34556 /* download_normal.png in Resources */ = {isa = PBXBuildFile; fileRef = E1F67F3B18E6B3C900A34556 /* download_normal.png */; };
		E1F67F6918E6B3C900A34556 /* download_on.png in Resources */ = {isa = PBXBuildFile; fileRef = E1F67F3C18E6B3C900A34556 /* download_on.png */; };
		E1F67F6A18E6B3C900A34556 /* iphone4_frist_help.png in Resources */ = {isa = PBXBuildFile; fileRef = E1F67F3D18E6B3C900A34556 /* iphone4_frist_help.png */; };
		E1F67F6B18E6B3C900A34556 /* iphone5_frist_help.png in Resources */ = {isa = PBXBuildFile; fileRef = E1F67F3E18E6B3C900A34556 /* iphone5_frist_help.png */; };
		E1F67F6C18E6B3C900A34556 /* lock_normal.png in Resources */ = {isa = PBXBuildFile; fileRef = E1F67F3F18E6B3C900A34556 /* lock_normal.png */; };
		E1F67F6D18E6B3C900A34556 /* lock_on.png in Resources */ = {isa = PBXBuildFile; fileRef = E1F67F4018E6B3C900A34556 /* lock_on.png */; };
		E1F67F6E18E6B3C900A34556 /* movie_loading_black_logo.png in Resources */ = {isa = PBXBuildFile; fileRef = E1F67F4118E6B3C900A34556 /* movie_loading_black_logo.png */; };
		E1F67F6F18E6B3C900A34556 /* play_next_one_disable.png in Resources */ = {isa = PBXBuildFile; fileRef = E1F67F4218E6B3C900A34556 /* play_next_one_disable.png */; };
		E1F67F7018E6B3C900A34556 /* play_next_one_normal.png in Resources */ = {isa = PBXBuildFile; fileRef = E1F67F4318E6B3C900A34556 /* play_next_one_normal.png */; };
		E1F67F7118E6B3C900A34556 /* play_next_one_on.png in Resources */ = {isa = PBXBuildFile; fileRef = E1F67F4418E6B3C900A34556 /* play_next_one_on.png */; };
		E1F67F7218E6B3C900A34556 /* play_normal.png in Resources */ = {isa = PBXBuildFile; fileRef = E1F67F4518E6B3C900A34556 /* play_normal.png */; };
		E1F67F7318E6B3C900A34556 /* play_on.png in Resources */ = {isa = PBXBuildFile; fileRef = E1F67F4618E6B3C900A34556 /* play_on.png */; };
		E1F67F7418E6B3C900A34556 /* play_on_tv_tip.png in Resources */ = {isa = PBXBuildFile; fileRef = E1F67F4718E6B3C900A34556 /* play_on_tv_tip.png */; };
		E1F67F7518E6B3C900A34556 /* play_previous_disable.png in Resources */ = {isa = PBXBuildFile; fileRef = E1F67F4818E6B3C900A34556 /* play_previous_disable.png */; };
		E1F67F7618E6B3C900A34556 /* play_previous_normal.png in Resources */ = {isa = PBXBuildFile; fileRef = E1F67F4918E6B3C900A34556 /* play_previous_normal.png */; };
		E1F67F7718E6B3C900A34556 /* play_previous_on.png in Resources */ = {isa = PBXBuildFile; fileRef = E1F67F4A18E6B3C900A34556 /* play_previous_on.png */; };
		E1F67F7818E6B3C900A34556 /* progress_blue.png in Resources */ = {isa = PBXBuildFile; fileRef = E1F67F4B18E6B3C900A34556 /* progress_blue.png */; };
		E1F67F7918E6B3C900A34556 /* progress_dot_normal.png in Resources */ = {isa = PBXBuildFile; fileRef = E1F67F4C18E6B3C900A34556 /* progress_dot_normal.png */; };
		E1F67F7A18E6B3C900A34556 /* progress_dot_on.png in Resources */ = {isa = PBXBuildFile; fileRef = E1F67F4D18E6B3C900A34556 /* progress_dot_on.png */; };
		E1F67F7B18E6B3C900A34556 /* progress_light_gray.png in Resources */ = {isa = PBXBuildFile; fileRef = E1F67F4E18E6B3C900A34556 /* progress_light_gray.png */; };
		E1F67F7C18E6B3C900A34556 /* screen_pop_bg.png in Resources */ = {isa = PBXBuildFile; fileRef = E1F67F4F18E6B3C900A34556 /* screen_pop_bg.png */; };
		E1F67F7D18E6B3C900A34556 /* suspended_normal.png in Resources */ = {isa = PBXBuildFile; fileRef = E1F67F5018E6B3C900A34556 /* suspended_normal.png */; };
		E1F67F7E18E6B3C900A34556 /* suspended_on.png in Resources */ = {isa = PBXBuildFile; fileRef = E1F67F5118E6B3C900A34556 /* suspended_on.png */; };
		E1F67F7F18E6B3C900A34556 /* top_bg.png in Resources */ = {isa = PBXBuildFile; fileRef = E1F67F5218E6B3C900A34556 /* top_bg.png */; };
		E1F67F8018E6B3C900A34556 /* top_title_back_white_normal.png in Resources */ = {isa = PBXBuildFile; fileRef = E1F67F5318E6B3C900A34556 /* top_title_back_white_normal.png */; };
		E1F67F8118E6B3C900A34556 /* unlock_normal.png in Resources */ = {isa = PBXBuildFile; fileRef = E1F67F5418E6B3C900A34556 /* unlock_normal.png */; };
		E1F67F8218E6B3C900A34556 /* unlock_on.png in Resources */ = {isa = PBXBuildFile; fileRef = E1F67F5518E6B3C900A34556 /* unlock_on.png */; };
		E1F67F8318E6B3C900A34556 /* unlock_screen_back.png in Resources */ = {isa = PBXBuildFile; fileRef = E1F67F5618E6B3C900A34556 /* unlock_screen_back.png */; };
		E1F67F8418E6B3C900A34556 /* unlock_screen_forward.png in Resources */ = {isa = PBXBuildFile; fileRef = E1F67F5718E6B3C900A34556 /* unlock_screen_forward.png */; };
		E1F67F8518E6B3C900A34556 /* vol_bg.png in Resources */ = {isa = PBXBuildFile; fileRef = E1F67F5818E6B3C900A34556 /* vol_bg.png */; };
		E1F67F8618E6B3C900A34556 /* volume_mute_normal.png in Resources */ = {isa = PBXBuildFile; fileRef = E1F67F5918E6B3C900A34556 /* volume_mute_normal.png */; };
		E1F67F8718E6B3C900A34556 /* volume_mute_on.png in Resources */ = {isa = PBXBuildFile; fileRef = E1F67F5A18E6B3C900A34556 /* volume_mute_on.png */; };
		E1F67F8818E6B3C900A34556 /* volume_normal.png in Resources */ = {isa = PBXBuildFile; fileRef = E1F67F5B18E6B3C900A34556 /* volume_normal.png */; };
		E1F67F8918E6B3C900A34556 /* volume_on.png in Resources */ = {isa = PBXBuildFile; fileRef = E1F67F5C18E6B3C900A34556 /* volume_on.png */; };
		E1F6801718E6BE0000A34556 /* UIColor+hexRGB.m in Sources */ = {isa = PBXBuildFile; fileRef = E1F6800618E6BE0000A34556 /* UIColor+hexRGB.m */; };
		E1F6801818E6BE0000A34556 /* BackForwardView.m in Sources */ = {isa = PBXBuildFile; fileRef = E1F6800918E6BE0000A34556 /* BackForwardView.m */; };
		E1F6801918E6BE0000A34556 /* BottomProgressView.m in Sources */ = {isa = PBXBuildFile; fileRef = E1F6800B18E6BE0000A34556 /* BottomProgressView.m */; };
		E1F6801A18E6BE0000A34556 /* MovieControlView.m in Sources */ = {isa = PBXBuildFile; fileRef = E1F6800D18E6BE0000A34556 /* MovieControlView.m */; };
		E1F6801B18E6BE0000A34556 /* RightToolView.m in Sources */ = {isa = PBXBuildFile; fileRef = E1F6800F18E6BE0000A34556 /* RightToolView.m */; };
		E1F6801C18E6BE0000A34556 /* TopTitleBarView.m in Sources */ = {isa = PBXBuildFile; fileRef = E1F6801118E6BE0000A34556 /* TopTitleBarView.m */; };
		E1F6801D18E6BE0000A34556 /* VolumeView.m in Sources */ = {isa = PBXBuildFile; fileRef = E1F6801318E6BE0000A34556 /* VolumeView.m */; };
		E1F6801E18E6BE0000A34556 /* VideoPlayerViewController.m in Sources */ = {isa = PBXBuildFile; fileRef = E1F6801618E6BE0000A34556 /* VideoPlayerViewController.m */; };
/* End PBXBuildFile section */

/* Begin PBXContainerItemProxy section */
		E1294AD218DEDADC00D6703A /* PBXContainerItemProxy */ = {
			isa = PBXContainerItemProxy;
			containerPortal = E1294AAA18DEDADC00D6703A /* Project object */;
			proxyType = 1;
			remoteGlobalIDString = E1294AB118DEDADC00D6703A;
			remoteInfo = MoivePlayerTest;
		};
/* End PBXContainerItemProxy section */

/* Begin PBXFileReference section */
		E1294AB218DEDADC00D6703A /* MoivePlayerTest.app */ = {isa = PBXFileReference; explicitFileType = wrapper.application; includeInIndex = 0; path = MoivePlayerTest.app; sourceTree = BUILT_PRODUCTS_DIR; };
		E1294AB518DEDADC00D6703A /* Foundation.framework */ = {isa = PBXFileReference; lastKnownFileType = wrapper.framework; name = Foundation.framework; path = System/Library/Frameworks/Foundation.framework; sourceTree = SDKROOT; };
		E1294AB718DEDADC00D6703A /* CoreGraphics.framework */ = {isa = PBXFileReference; lastKnownFileType = wrapper.framework; name = CoreGraphics.framework; path = System/Library/Frameworks/CoreGraphics.framework; sourceTree = SDKROOT; };
		E1294AB918DEDADC00D6703A /* UIKit.framework */ = {isa = PBXFileReference; lastKnownFileType = wrapper.framework; name = UIKit.framework; path = System/Library/Frameworks/UIKit.framework; sourceTree = SDKROOT; };
		E1294ABD18DEDADC00D6703A /* MoivePlayerTest-Info.plist */ = {isa = PBXFileReference; lastKnownFileType = text.plist.xml; path = "MoivePlayerTest-Info.plist"; sourceTree = "<group>"; };
		E1294ABF18DEDADC00D6703A /* en */ = {isa = PBXFileReference; lastKnownFileType = text.plist.strings; name = en; path = en.lproj/InfoPlist.strings; sourceTree = "<group>"; };
		E1294AC118DEDADC00D6703A /* main.m */ = {isa = PBXFileReference; lastKnownFileType = sourcecode.c.objc; path = main.m; sourceTree = "<group>"; };
		E1294AC318DEDADC00D6703A /* MoivePlayerTest-Prefix.pch */ = {isa = PBXFileReference; lastKnownFileType = sourcecode.c.h; path = "MoivePlayerTest-Prefix.pch"; sourceTree = "<group>"; };
		E1294AC418DEDADC00D6703A /* AppDelegate.h */ = {isa = PBXFileReference; lastKnownFileType = sourcecode.c.h; path = AppDelegate.h; sourceTree = "<group>"; };
		E1294AC518DEDADC00D6703A /* AppDelegate.m */ = {isa = PBXFileReference; lastKnownFileType = sourcecode.c.objc; path = AppDelegate.m; sourceTree = "<group>"; };
		E1294AC718DEDADC00D6703A /* Images.xcassets */ = {isa = PBXFileReference; lastKnownFileType = folder.assetcatalog; path = Images.xcassets; sourceTree = "<group>"; };
		E1294ACD18DEDADC00D6703A /* MoivePlayerTestTests.xctest */ = {isa = PBXFileReference; explicitFileType = wrapper.cfbundle; includeInIndex = 0; path = MoivePlayerTestTests.xctest; sourceTree = BUILT_PRODUCTS_DIR; };
		E1294ACE18DEDADC00D6703A /* XCTest.framework */ = {isa = PBXFileReference; lastKnownFileType = wrapper.framework; name = XCTest.framework; path = Library/Frameworks/XCTest.framework; sourceTree = DEVELOPER_DIR; };
		E1294AD618DEDADC00D6703A /* MoivePlayerTestTests-Info.plist */ = {isa = PBXFileReference; lastKnownFileType = text.plist.xml; path = "MoivePlayerTestTests-Info.plist"; sourceTree = "<group>"; };
		E1294AD818DEDADC00D6703A /* en */ = {isa = PBXFileReference; lastKnownFileType = text.plist.strings; name = en; path = en.lproj/InfoPlist.strings; sourceTree = "<group>"; };
		E1294ADA18DEDADC00D6703A /* MoivePlayerTestTests.m */ = {isa = PBXFileReference; lastKnownFileType = sourcecode.c.objc; path = MoivePlayerTestTests.m; sourceTree = "<group>"; };
		E1294AE418DEDB4800D6703A /* RootViewController.h */ = {isa = PBXFileReference; fileEncoding = 4; lastKnownFileType = sourcecode.c.h; path = RootViewController.h; sourceTree = "<group>"; };
		E1294AE518DEDB4800D6703A /* RootViewController.m */ = {isa = PBXFileReference; fileEncoding = 4; lastKnownFileType = sourcecode.c.objc; path = RootViewController.m; sourceTree = "<group>"; };
		E1294AE718DEDC5400D6703A /* Movie.m4v */ = {isa = PBXFileReference; lastKnownFileType = file; path = Movie.m4v; sourceTree = "<group>"; };
		E1294AE918DEDC8700D6703A /* MediaPlayer.framework */ = {isa = PBXFileReference; lastKnownFileType = wrapper.framework; name = MediaPlayer.framework; path = System/Library/Frameworks/MediaPlayer.framework; sourceTree = SDKROOT; };
		E1F67F3018E6B3C900A34556 /* airplay_disable.png */ = {isa = PBXFileReference; lastKnownFileType = image.png; path = airplay_disable.png; sourceTree = "<group>"; };
		E1F67F3118E6B3C900A34556 /* airplay_normal.png */ = {isa = PBXFileReference; lastKnownFileType = image.png; path = airplay_normal.png; sourceTree = "<group>"; };
		E1F67F3218E6B3C900A34556 /* airplay_on.png */ = {isa = PBXFileReference; lastKnownFileType = image.png; path = airplay_on.png; sourceTree = "<group>"; };
		E1F67F3318E6B3C900A34556 /* player_bottom_bg.png */ = {isa = PBXFileReference; lastKnownFileType = image.png; path = player_bottom_bg.png; sourceTree = "<group>"; };
		E1F67F3418E6B3C900A34556 /* bottom_browser_back_disable.png */ = {isa = PBXFileReference; lastKnownFileType = image.png; path = bottom_browser_back_disable.png; sourceTree = "<group>"; };
		E1F67F3518E6B3C900A34556 /* bottom_browser_back_normal.png */ = {isa = PBXFileReference; lastKnownFileType = image.png; path = bottom_browser_back_normal.png; sourceTree = "<group>"; };
		E1F67F3618E6B3C900A34556 /* bright_screen_pop_bg.png */ = {isa = PBXFileReference; lastKnownFileType = image.png; path = bright_screen_pop_bg.png; sourceTree = "<group>"; };
		E1F67F3718E6B3C900A34556 /* definition_click.png */ = {isa = PBXFileReference; lastKnownFileType = image.png; path = definition_click.png; sourceTree = "<group>"; };
		E1F67F3818E6B3C900A34556 /* definition_normal.png */ = {isa = PBXFileReference; lastKnownFileType = image.png; path = definition_normal.png; sourceTree = "<group>"; };
		E1F67F3918E6B3C900A34556 /* definition_spread_out_bg.png */ = {isa = PBXFileReference; lastKnownFileType = image.png; path = definition_spread_out_bg.png; sourceTree = "<group>"; };
		E1F67F3A18E6B3C900A34556 /* definition_spread_out_cut_line.png */ = {isa = PBXFileReference; lastKnownFileType = image.png; path = definition_spread_out_cut_line.png; sourceTree = "<group>"; };
		E1F67F3B18E6B3C900A34556 /* download_normal.png */ = {isa = PBXFileReference; lastKnownFileType = image.png; path = download_normal.png; sourceTree = "<group>"; };
		E1F67F3C18E6B3C900A34556 /* download_on.png */ = {isa = PBXFileReference; lastKnownFileType = image.png; path = download_on.png; sourceTree = "<group>"; };
		E1F67F3D18E6B3C900A34556 /* iphone4_frist_help.png */ = {isa = PBXFileReference; lastKnownFileType = image.png; path = iphone4_frist_help.png; sourceTree = "<group>"; };
		E1F67F3E18E6B3C900A34556 /* iphone5_frist_help.png */ = {isa = PBXFileReference; lastKnownFileType = image.png; path = iphone5_frist_help.png; sourceTree = "<group>"; };
		E1F67F3F18E6B3C900A34556 /* lock_normal.png */ = {isa = PBXFileReference; lastKnownFileType = image.png; path = lock_normal.png; sourceTree = "<group>"; };
		E1F67F4018E6B3C900A34556 /* lock_on.png */ = {isa = PBXFileReference; lastKnownFileType = image.png; path = lock_on.png; sourceTree = "<group>"; };
		E1F67F4118E6B3C900A34556 /* movie_loading_black_logo.png */ = {isa = PBXFileReference; lastKnownFileType = image.png; path = movie_loading_black_logo.png; sourceTree = "<group>"; };
		E1F67F4218E6B3C900A34556 /* play_next_one_disable.png */ = {isa = PBXFileReference; lastKnownFileType = image.png; path = play_next_one_disable.png; sourceTree = "<group>"; };
		E1F67F4318E6B3C900A34556 /* play_next_one_normal.png */ = {isa = PBXFileReference; lastKnownFileType = image.png; path = play_next_one_normal.png; sourceTree = "<group>"; };
		E1F67F4418E6B3C900A34556 /* play_next_one_on.png */ = {isa = PBXFileReference; lastKnownFileType = image.png; path = play_next_one_on.png; sourceTree = "<group>"; };
		E1F67F4518E6B3C900A34556 /* play_normal.png */ = {isa = PBXFileReference; lastKnownFileType = image.png; path = play_normal.png; sourceTree = "<group>"; };
		E1F67F4618E6B3C900A34556 /* play_on.png */ = {isa = PBXFileReference; lastKnownFileType = image.png; path = play_on.png; sourceTree = "<group>"; };
		E1F67F4718E6B3C900A34556 /* play_on_tv_tip.png */ = {isa = PBXFileReference; lastKnownFileType = image.png; path = play_on_tv_tip.png; sourceTree = "<group>"; };
		E1F67F4818E6B3C900A34556 /* play_previous_disable.png */ = {isa = PBXFileReference; lastKnownFileType = image.png; path = play_previous_disable.png; sourceTree = "<group>"; };
		E1F67F4918E6B3C900A34556 /* play_previous_normal.png */ = {isa = PBXFileReference; lastKnownFileType = image.png; path = play_previous_normal.png; sourceTree = "<group>"; };
		E1F67F4A18E6B3C900A34556 /* play_previous_on.png */ = {isa = PBXFileReference; lastKnownFileType = image.png; path = play_previous_on.png; sourceTree = "<group>"; };
		E1F67F4B18E6B3C900A34556 /* progress_blue.png */ = {isa = PBXFileReference; lastKnownFileType = image.png; path = progress_blue.png; sourceTree = "<group>"; };
		E1F67F4C18E6B3C900A34556 /* progress_dot_normal.png */ = {isa = PBXFileReference; lastKnownFileType = image.png; path = progress_dot_normal.png; sourceTree = "<group>"; };
		E1F67F4D18E6B3C900A34556 /* progress_dot_on.png */ = {isa = PBXFileReference; lastKnownFileType = image.png; path = progress_dot_on.png; sourceTree = "<group>"; };
		E1F67F4E18E6B3C900A34556 /* progress_light_gray.png */ = {isa = PBXFileReference; lastKnownFileType = image.png; path = progress_light_gray.png; sourceTree = "<group>"; };
		E1F67F4F18E6B3C900A34556 /* screen_pop_bg.png */ = {isa = PBXFileReference; lastKnownFileType = image.png; path = screen_pop_bg.png; sourceTree = "<group>"; };
		E1F67F5018E6B3C900A34556 /* suspended_normal.png */ = {isa = PBXFileReference; lastKnownFileType = image.png; path = suspended_normal.png; sourceTree = "<group>"; };
		E1F67F5118E6B3C900A34556 /* suspended_on.png */ = {isa = PBXFileReference; lastKnownFileType = image.png; path = suspended_on.png; sourceTree = "<group>"; };
		E1F67F5218E6B3C900A34556 /* top_bg.png */ = {isa = PBXFileReference; lastKnownFileType = image.png; path = top_bg.png; sourceTree = "<group>"; };
		E1F67F5318E6B3C900A34556 /* top_title_back_white_normal.png */ = {isa = PBXFileReference; lastKnownFileType = image.png; path = top_title_back_white_normal.png; sourceTree = "<group>"; };
		E1F67F5418E6B3C900A34556 /* unlock_normal.png */ = {isa = PBXFileReference; lastKnownFileType = image.png; path = unlock_normal.png; sourceTree = "<group>"; };
		E1F67F5518E6B3C900A34556 /* unlock_on.png */ = {isa = PBXFileReference; lastKnownFileType = image.png; path = unlock_on.png; sourceTree = "<group>"; };
		E1F67F5618E6B3C900A34556 /* unlock_screen_back.png */ = {isa = PBXFileReference; lastKnownFileType = image.png; path = unlock_screen_back.png; sourceTree = "<group>"; };
		E1F67F5718E6B3C900A34556 /* unlock_screen_forward.png */ = {isa = PBXFileReference; lastKnownFileType = image.png; path = unlock_screen_forward.png; sourceTree = "<group>"; };
		E1F67F5818E6B3C900A34556 /* vol_bg.png */ = {isa = PBXFileReference; lastKnownFileType = image.png; path = vol_bg.png; sourceTree = "<group>"; };
		E1F67F5918E6B3C900A34556 /* volume_mute_normal.png */ = {isa = PBXFileReference; lastKnownFileType = image.png; path = volume_mute_normal.png; sourceTree = "<group>"; };
		E1F67F5A18E6B3C900A34556 /* volume_mute_on.png */ = {isa = PBXFileReference; lastKnownFileType = image.png; path = volume_mute_on.png; sourceTree = "<group>"; };
		E1F67F5B18E6B3C900A34556 /* volume_normal.png */ = {isa = PBXFileReference; lastKnownFileType = image.png; path = volume_normal.png; sourceTree = "<group>"; };
		E1F67F5C18E6B3C900A34556 /* volume_on.png */ = {isa = PBXFileReference; lastKnownFileType = image.png; path = volume_on.png; sourceTree = "<group>"; };
		E1F6800518E6BE0000A34556 /* UIColor+hexRGB.h */ = {isa = PBXFileReference; fileEncoding = 4; lastKnownFileType = sourcecode.c.h; path = "UIColor+hexRGB.h"; sourceTree = "<group>"; };
		E1F6800618E6BE0000A34556 /* UIColor+hexRGB.m */ = {isa = PBXFileReference; fileEncoding = 4; lastKnownFileType = sourcecode.c.objc; path = "UIColor+hexRGB.m"; sourceTree = "<group>"; };
		E1F6800818E6BE0000A34556 /* BackForwardView.h */ = {isa = PBXFileReference; fileEncoding = 4; lastKnownFileType = sourcecode.c.h; path = BackForwardView.h; sourceTree = "<group>"; };
		E1F6800918E6BE0000A34556 /* BackForwardView.m */ = {isa = PBXFileReference; fileEncoding = 4; lastKnownFileType = sourcecode.c.objc; path = BackForwardView.m; sourceTree = "<group>"; };
		E1F6800A18E6BE0000A34556 /* BottomProgressView.h */ = {isa = PBXFileReference; fileEncoding = 4; lastKnownFileType = sourcecode.c.h; path = BottomProgressView.h; sourceTree = "<group>"; };
		E1F6800B18E6BE0000A34556 /* BottomProgressView.m */ = {isa = PBXFileReference; fileEncoding = 4; lastKnownFileType = sourcecode.c.objc; path = BottomProgressView.m; sourceTree = "<group>"; };
		E1F6800C18E6BE0000A34556 /* MovieControlView.h */ = {isa = PBXFileReference; fileEncoding = 4; lastKnownFileType = sourcecode.c.h; path = MovieControlView.h; sourceTree = "<group>"; };
		E1F6800D18E6BE0000A34556 /* MovieControlView.m */ = {isa = PBXFileReference; fileEncoding = 4; lastKnownFileType = sourcecode.c.objc; path = MovieControlView.m; sourceTree = "<group>"; };
		E1F6800E18E6BE0000A34556 /* RightToolView.h */ = {isa = PBXFileReference; fileEncoding = 4; lastKnownFileType = sourcecode.c.h; path = RightToolView.h; sourceTree = "<group>"; };
		E1F6800F18E6BE0000A34556 /* RightToolView.m */ = {isa = PBXFileReference; fileEncoding = 4; lastKnownFileType = sourcecode.c.objc; path = RightToolView.m; sourceTree = "<group>"; };
		E1F6801018E6BE0000A34556 /* TopTitleBarView.h */ = {isa = PBXFileReference; fileEncoding = 4; lastKnownFileType = sourcecode.c.h; path = TopTitleBarView.h; sourceTree = "<group>"; };
		E1F6801118E6BE0000A34556 /* TopTitleBarView.m */ = {isa = PBXFileReference; fileEncoding = 4; lastKnownFileType = sourcecode.c.objc; path = TopTitleBarView.m; sourceTree = "<group>"; };
		E1F6801218E6BE0000A34556 /* VolumeView.h */ = {isa = PBXFileReference; fileEncoding = 4; lastKnownFileType = sourcecode.c.h; path = VolumeView.h; sourceTree = "<group>"; };
		E1F6801318E6BE0000A34556 /* VolumeView.m */ = {isa = PBXFileReference; fileEncoding = 4; lastKnownFileType = sourcecode.c.objc; path = VolumeView.m; sourceTree = "<group>"; };
		E1F6801518E6BE0000A34556 /* VideoPlayerViewController.h */ = {isa = PBXFileReference; fileEncoding = 4; lastKnownFileType = sourcecode.c.h; path = VideoPlayerViewController.h; sourceTree = "<group>"; };
		E1F6801618E6BE0000A34556 /* VideoPlayerViewController.m */ = {isa = PBXFileReference; fileEncoding = 4; lastKnownFileType = sourcecode.c.objc; path = VideoPlayerViewController.m; sourceTree = "<group>"; };
/* End PBXFileReference section */

/* Begin PBXFrameworksBuildPhase section */
		E1294AAF18DEDADC00D6703A /* Frameworks */ = {
			isa = PBXFrameworksBuildPhase;
			buildActionMask = 2147483647;
			files = (
				E1294AEA18DEDC8700D6703A /* MediaPlayer.framework in Frameworks */,
				E1294AB818DEDADC00D6703A /* CoreGraphics.framework in Frameworks */,
				E1294ABA18DEDADC00D6703A /* UIKit.framework in Frameworks */,
				E1294AB618DEDADC00D6703A /* Foundation.framework in Frameworks */,
			);
			runOnlyForDeploymentPostprocessing = 0;
		};
		E1294ACA18DEDADC00D6703A /* Frameworks */ = {
			isa = PBXFrameworksBuildPhase;
			buildActionMask = 2147483647;
			files = (
				E1294ACF18DEDADC00D6703A /* XCTest.framework in Frameworks */,
				E1294AD118DEDADC00D6703A /* UIKit.framework in Frameworks */,
				E1294AD018DEDADC00D6703A /* Foundation.framework in Frameworks */,
			);
			runOnlyForDeploymentPostprocessing = 0;
		};
/* End PBXFrameworksBuildPhase section */

/* Begin PBXGroup section */
		E1294AA918DEDADC00D6703A = {
			isa = PBXGroup;
			children = (
				E1294ABB18DEDADC00D6703A /* MoivePlayerTest */,
				E1294AD418DEDADC00D6703A /* MoivePlayerTestTests */,
				E1294AB418DEDADC00D6703A /* Frameworks */,
				E1294AB318DEDADC00D6703A /* Products */,
			);
			sourceTree = "<group>";
		};
		E1294AB318DEDADC00D6703A /* Products */ = {
			isa = PBXGroup;
			children = (
				E1294AB218DEDADC00D6703A /* MoivePlayerTest.app */,
				E1294ACD18DEDADC00D6703A /* MoivePlayerTestTests.xctest */,
			);
			name = Products;
			sourceTree = "<group>";
		};
		E1294AB418DEDADC00D6703A /* Frameworks */ = {
			isa = PBXGroup;
			children = (
				E1294AE918DEDC8700D6703A /* MediaPlayer.framework */,
				E1294AB518DEDADC00D6703A /* Foundation.framework */,
				E1294AB718DEDADC00D6703A /* CoreGraphics.framework */,
				E1294AB918DEDADC00D6703A /* UIKit.framework */,
				E1294ACE18DEDADC00D6703A /* XCTest.framework */,
			);
			name = Frameworks;
			sourceTree = "<group>";
		};
		E1294ABB18DEDADC00D6703A /* MoivePlayerTest */ = {
			isa = PBXGroup;
			children = (
				E1294AC418DEDADC00D6703A /* AppDelegate.h */,
				E1294AC518DEDADC00D6703A /* AppDelegate.m */,
				E1294AE418DEDB4800D6703A /* RootViewController.h */,
				E1294AE518DEDB4800D6703A /* RootViewController.m */,
				E1F67EBB18E6B37700A34556 /* CustomMoviePlayer */,
				E1294AC718DEDADC00D6703A /* Images.xcassets */,
				E1294ABC18DEDADC00D6703A /* Supporting Files */,
			);
			path = MoivePlayerTest;
			sourceTree = "<group>";
		};
		E1294ABC18DEDADC00D6703A /* Supporting Files */ = {
			isa = PBXGroup;
			children = (
				E1F67F2F18E6B3C900A34556 /* MoviePlayer */,
				E1294AE718DEDC5400D6703A /* Movie.m4v */,
				E1294ABD18DEDADC00D6703A /* MoivePlayerTest-Info.plist */,
				E1294ABE18DEDADC00D6703A /* InfoPlist.strings */,
				E1294AC118DEDADC00D6703A /* main.m */,
				E1294AC318DEDADC00D6703A /* MoivePlayerTest-Prefix.pch */,
			);
			name = "Supporting Files";
			sourceTree = "<group>";
		};
		E1294AD418DEDADC00D6703A /* MoivePlayerTestTests */ = {
			isa = PBXGroup;
			children = (
				E1294ADA18DEDADC00D6703A /* MoivePlayerTestTests.m */,
				E1294AD518DEDADC00D6703A /* Supporting Files */,
			);
			path = MoivePlayerTestTests;
			sourceTree = "<group>";
		};
		E1294AD518DEDADC00D6703A /* Supporting Files */ = {
			isa = PBXGroup;
			children = (
				E1294AD618DEDADC00D6703A /* MoivePlayerTestTests-Info.plist */,
				E1294AD718DEDADC00D6703A /* InfoPlist.strings */,
			);
			name = "Supporting Files";
			sourceTree = "<group>";
		};
		E1F67EBB18E6B37700A34556 /* CustomMoviePlayer */ = {
			isa = PBXGroup;
			children = (
				E1F6801418E6BE0000A34556 /* PlayerController */,
				E1F6800718E6BE0000A34556 /* Overlay */,
				E1F6800418E6BE0000A34556 /* Category */,
			);
			path = CustomMoviePlayer;
			sourceTree = "<group>";
		};
		E1F67F2F18E6B3C900A34556 /* MoviePlayer */ = {
			isa = PBXGroup;
			children = (
				E1F67F3018E6B3C900A34556 /* airplay_disable.png */,
				E1F67F3118E6B3C900A34556 /* airplay_normal.png */,
				E1F67F3218E6B3C900A34556 /* airplay_on.png */,
				E1F67F3318E6B3C900A34556 /* player_bottom_bg.png */,
				E1F67F3418E6B3C900A34556 /* bottom_browser_back_disable.png */,
				E1F67F3518E6B3C900A34556 /* bottom_browser_back_normal.png */,
				E1F67F3618E6B3C900A34556 /* bright_screen_pop_bg.png */,
				E1F67F3718E6B3C900A34556 /* definition_click.png */,
				E1F67F3818E6B3C900A34556 /* definition_normal.png */,
				E1F67F3918E6B3C900A34556 /* definition_spread_out_bg.png */,
				E1F67F3A18E6B3C900A34556 /* definition_spread_out_cut_line.png */,
				E1F67F3B18E6B3C900A34556 /* download_normal.png */,
				E1F67F3C18E6B3C900A34556 /* download_on.png */,
				E1F67F3D18E6B3C900A34556 /* iphone4_frist_help.png */,
				E1F67F3E18E6B3C900A34556 /* iphone5_frist_help.png */,
				E1F67F3F18E6B3C900A34556 /* lock_normal.png */,
				E1F67F4018E6B3C900A34556 /* lock_on.png */,
				E1F67F4118E6B3C900A34556 /* movie_loading_black_logo.png */,
				E1F67F4218E6B3C900A34556 /* play_next_one_disable.png */,
				E1F67F4318E6B3C900A34556 /* play_next_one_normal.png */,
				E1F67F4418E6B3C900A34556 /* play_next_one_on.png */,
				E1F67F4518E6B3C900A34556 /* play_normal.png */,
				E1F67F4618E6B3C900A34556 /* play_on.png */,
				E1F67F4718E6B3C900A34556 /* play_on_tv_tip.png */,
				E1F67F4818E6B3C900A34556 /* play_previous_disable.png */,
				E1F67F4918E6B3C900A34556 /* play_previous_normal.png */,
				E1F67F4A18E6B3C900A34556 /* play_previous_on.png */,
				E1F67F4B18E6B3C900A34556 /* progress_blue.png */,
				E1F67F4C18E6B3C900A34556 /* progress_dot_normal.png */,
				E1F67F4D18E6B3C900A34556 /* progress_dot_on.png */,
				E1F67F4E18E6B3C900A34556 /* progress_light_gray.png */,
				E1F67F4F18E6B3C900A34556 /* screen_pop_bg.png */,
				E1F67F5018E6B3C900A34556 /* suspended_normal.png */,
				E1F67F5118E6B3C900A34556 /* suspended_on.png */,
				E1F67F5218E6B3C900A34556 /* top_bg.png */,
				E1F67F5318E6B3C900A34556 /* top_title_back_white_normal.png */,
				E1F67F5418E6B3C900A34556 /* unlock_normal.png */,
				E1F67F5518E6B3C900A34556 /* unlock_on.png */,
				E1F67F5618E6B3C900A34556 /* unlock_screen_back.png */,
				E1F67F5718E6B3C900A34556 /* unlock_screen_forward.png */,
				E1F67F5818E6B3C900A34556 /* vol_bg.png */,
				E1F67F5918E6B3C900A34556 /* volume_mute_normal.png */,
				E1F67F5A18E6B3C900A34556 /* volume_mute_on.png */,
				E1F67F5B18E6B3C900A34556 /* volume_normal.png */,
				E1F67F5C18E6B3C900A34556 /* volume_on.png */,
			);
			path = MoviePlayer;
			sourceTree = "<group>";
		};
		E1F6800418E6BE0000A34556 /* Category */ = {
			isa = PBXGroup;
			children = (
				E1F6800518E6BE0000A34556 /* UIColor+hexRGB.h */,
				E1F6800618E6BE0000A34556 /* UIColor+hexRGB.m */,
			);
			path = Category;
			sourceTree = "<group>";
		};
		E1F6800718E6BE0000A34556 /* Overlay */ = {
			isa = PBXGroup;
			children = (
				E1F6800818E6BE0000A34556 /* BackForwardView.h */,
				E1F6800918E6BE0000A34556 /* BackForwardView.m */,
				E1F6800A18E6BE0000A34556 /* BottomProgressView.h */,
				E1F6800B18E6BE0000A34556 /* BottomProgressView.m */,
				E1F6800C18E6BE0000A34556 /* MovieControlView.h */,
				E1F6800D18E6BE0000A34556 /* MovieControlView.m */,
				E1F6800E18E6BE0000A34556 /* RightToolView.h */,
				E1F6800F18E6BE0000A34556 /* RightToolView.m */,
				E1F6801018E6BE0000A34556 /* TopTitleBarView.h */,
				E1F6801118E6BE0000A34556 /* TopTitleBarView.m */,
				E1F6801218E6BE0000A34556 /* VolumeView.h */,
				E1F6801318E6BE0000A34556 /* VolumeView.m */,
			);
			path = Overlay;
			sourceTree = "<group>";
		};
		E1F6801418E6BE0000A34556 /* PlayerController */ = {
			isa = PBXGroup;
			children = (
				E1F6801518E6BE0000A34556 /* VideoPlayerViewController.h */,
				E1F6801618E6BE0000A34556 /* VideoPlayerViewController.m */,
			);
			path = PlayerController;
			sourceTree = "<group>";
		};
/* End PBXGroup section */

/* Begin PBXNativeTarget section */
		E1294AB118DEDADC00D6703A /* MoivePlayerTest */ = {
			isa = PBXNativeTarget;
			buildConfigurationList = E1294ADE18DEDADC00D6703A /* Build configuration list for PBXNativeTarget "MoivePlayerTest" */;
			buildPhases = (
				E1294AAE18DEDADC00D6703A /* Sources */,
				E1294AAF18DEDADC00D6703A /* Frameworks */,
				E1294AB018DEDADC00D6703A /* Resources */,
			);
			buildRules = (
			);
			dependencies = (
			);
			name = MoivePlayerTest;
			productName = MoivePlayerTest;
			productReference = E1294AB218DEDADC00D6703A /* MoivePlayerTest.app */;
			productType = "com.apple.product-type.application";
		};
		E1294ACC18DEDADC00D6703A /* MoivePlayerTestTests */ = {
			isa = PBXNativeTarget;
			buildConfigurationList = E1294AE118DEDADC00D6703A /* Build configuration list for PBXNativeTarget "MoivePlayerTestTests" */;
			buildPhases = (
				E1294AC918DEDADC00D6703A /* Sources */,
				E1294ACA18DEDADC00D6703A /* Frameworks */,
				E1294ACB18DEDADC00D6703A /* Resources */,
			);
			buildRules = (
			);
			dependencies = (
				E1294AD318DEDADC00D6703A /* PBXTargetDependency */,
			);
			name = MoivePlayerTestTests;
			productName = MoivePlayerTestTests;
			productReference = E1294ACD18DEDADC00D6703A /* MoivePlayerTestTests.xctest */;
			productType = "com.apple.product-type.bundle.unit-test";
		};
/* End PBXNativeTarget section */

/* Begin PBXProject section */
		E1294AAA18DEDADC00D6703A /* Project object */ = {
			isa = PBXProject;
			attributes = {
				LastUpgradeCheck = 0510;
				ORGANIZATIONNAME = "___FULLUSERNAME___";
				TargetAttributes = {
					E1294ACC18DEDADC00D6703A = {
						TestTargetID = E1294AB118DEDADC00D6703A;
					};
				};
			};
			buildConfigurationList = E1294AAD18DEDADC00D6703A /* Build configuration list for PBXProject "MoivePlayerTest" */;
			compatibilityVersion = "Xcode 3.2";
			developmentRegion = English;
			hasScannedForEncodings = 0;
			knownRegions = (
				en,
			);
			mainGroup = E1294AA918DEDADC00D6703A;
			productRefGroup = E1294AB318DEDADC00D6703A /* Products */;
			projectDirPath = "";
			projectRoot = "";
			targets = (
				E1294AB118DEDADC00D6703A /* MoivePlayerTest */,
				E1294ACC18DEDADC00D6703A /* MoivePlayerTestTests */,
			);
		};
/* End PBXProject section */

/* Begin PBXResourcesBuildPhase section */
		E1294AB018DEDADC00D6703A /* Resources */ = {
			isa = PBXResourcesBuildPhase;
			buildActionMask = 2147483647;
			files = (
				E1F67F8118E6B3C900A34556 /* unlock_normal.png in Resources */,
				E1F67F7C18E6B3C900A34556 /* screen_pop_bg.png in Resources */,
				E1F67F7418E6B3C900A34556 /* play_on_tv_tip.png in Resources */,
				E1F67F7218E6B3C900A34556 /* play_normal.png in Resources */,
				E1F67F6B18E6B3C900A34556 /* iphone5_frist_help.png in Resources */,
				E1F67F6318E6B3C900A34556 /* bright_screen_pop_bg.png in Resources */,
				E1F67F6218E6B3C900A34556 /* bottom_browser_back_normal.png in Resources */,
				E1294AE818DEDC5400D6703A /* Movie.m4v in Resources */,
				E1F67F6718E6B3C900A34556 /* definition_spread_out_cut_line.png in Resources */,
				E1F67F6A18E6B3C900A34556 /* iphone4_frist_help.png in Resources */,
				E1F67F5F18E6B3C900A34556 /* airplay_on.png in Resources */,
				E1F67F8718E6B3C900A34556 /* volume_mute_on.png in Resources */,
				E1F67F7D18E6B3C900A34556 /* suspended_normal.png in Resources */,
				E1F67F6618E6B3C900A34556 /* definition_spread_out_bg.png in Resources */,
				E1F67F8818E6B3C900A34556 /* volume_normal.png in Resources */,
				E1F67F7618E6B3C900A34556 /* play_previous_normal.png in Resources */,
				E1F67F7718E6B3C900A34556 /* play_previous_on.png in Resources */,
				E1F67F7B18E6B3C900A34556 /* progress_light_gray.png in Resources */,
				E1F67F7118E6B3C900A34556 /* play_next_one_on.png in Resources */,
				E1F67F8418E6B3C900A34556 /* unlock_screen_forward.png in Resources */,
				E1F67F8918E6B3C900A34556 /* volume_on.png in Resources */,
				E1F67F8518E6B3C900A34556 /* vol_bg.png in Resources */,
				E1F67F8018E6B3C900A34556 /* top_title_back_white_normal.png in Resources */,
				E1F67F7F18E6B3C900A34556 /* top_bg.png in Resources */,
				E1F67F7918E6B3C900A34556 /* progress_dot_normal.png in Resources */,
				E1F67F6918E6B3C900A34556 /* download_on.png in Resources */,
				E1F67F7E18E6B3C900A34556 /* suspended_on.png in Resources */,
				E1294AC018DEDADC00D6703A /* InfoPlist.strings in Resources */,
				E1F67F6418E6B3C900A34556 /* definition_click.png in Resources */,
				E1F67F8318E6B3C900A34556 /* unlock_screen_back.png in Resources */,
				E1F67F7818E6B3C900A34556 /* progress_blue.png in Resources */,
				E1F67F7018E6B3C900A34556 /* play_next_one_normal.png in Resources */,
				E1294AC818DEDADC00D6703A /* Images.xcassets in Resources */,
				E1F67F6F18E6B3C900A34556 /* play_next_one_disable.png in Resources */,
				E1F67F7A18E6B3C900A34556 /* progress_dot_on.png in Resources */,
				E1F67F6018E6B3C900A34556 /* player_bottom_bg.png in Resources */,
				E1F67F6118E6B3C900A34556 /* bottom_browser_back_disable.png in Resources */,
				E1F67F8618E6B3C900A34556 /* volume_mute_normal.png in Resources */,
				E1F67F6E18E6B3C900A34556 /* movie_loading_black_logo.png in Resources */,
				E1F67F6518E6B3C900A34556 /* definition_normal.png in Resources */,
				E1F67F6D18E6B3C900A34556 /* lock_on.png in Resources */,
				E1F67F5E18E6B3C900A34556 /* airplay_normal.png in Resources */,
				E1F67F7318E6B3C900A34556 /* play_on.png in Resources */,
				E1F67F5D18E6B3C900A34556 /* airplay_disable.png in Resources */,
				E1F67F7518E6B3C900A34556 /* play_previous_disable.png in Resources */,
				E1F67F8218E6B3C900A34556 /* unlock_on.png in Resources */,
				E1F67F6818E6B3C900A34556 /* download_normal.png in Resources */,
				E1F67F6C18E6B3C900A34556 /* lock_normal.png in Resources */,
			);
			runOnlyForDeploymentPostprocessing = 0;
		};
		E1294ACB18DEDADC00D6703A /* Resources */ = {
			isa = PBXResourcesBuildPhase;
			buildActionMask = 2147483647;
			files = (
				E1294AD918DEDADC00D6703A /* InfoPlist.strings in Resources */,
			);
			runOnlyForDeploymentPostprocessing = 0;
		};
/* End PBXResourcesBuildPhase section */

/* Begin PBXSourcesBuildPhase section */
		E1294AAE18DEDADC00D6703A /* Sources */ = {
			isa = PBXSourcesBuildPhase;
			buildActionMask = 2147483647;
			files = (
				E1F6801A18E6BE0000A34556 /* MovieControlView.m in Sources */,
				E1F6801B18E6BE0000A34556 /* RightToolView.m in Sources */,
				E1294AC618DEDADC00D6703A /* AppDelegate.m in Sources */,
				E1F6801C18E6BE0000A34556 /* TopTitleBarView.m in Sources */,
				E1F6801E18E6BE0000A34556 /* VideoPlayerViewController.m in Sources */,
				E1294AC218DEDADC00D6703A /* main.m in Sources */,
				E1294AE618DEDB4800D6703A /* RootViewController.m in Sources */,
				E1F6801D18E6BE0000A34556 /* VolumeView.m in Sources */,
				E1F6801718E6BE0000A34556 /* UIColor+hexRGB.m in Sources */,
				E1F6801918E6BE0000A34556 /* BottomProgressView.m in Sources */,
				E1F6801818E6BE0000A34556 /* BackForwardView.m in Sources */,
			);
			runOnlyForDeploymentPostprocessing = 0;
		};
		E1294AC918DEDADC00D6703A /* Sources */ = {
			isa = PBXSourcesBuildPhase;
			buildActionMask = 2147483647;
			files = (
				E1294ADB18DEDADC00D6703A /* MoivePlayerTestTests.m in Sources */,
			);
			runOnlyForDeploymentPostprocessing = 0;
		};
/* End PBXSourcesBuildPhase section */

/* Begin PBXTargetDependency section */
		E1294AD318DEDADC00D6703A /* PBXTargetDependency */ = {
			isa = PBXTargetDependency;
			target = E1294AB118DEDADC00D6703A /* MoivePlayerTest */;
			targetProxy = E1294AD218DEDADC00D6703A /* PBXContainerItemProxy */;
		};
/* End PBXTargetDependency section */

/* Begin PBXVariantGroup section */
		E1294ABE18DEDADC00D6703A /* InfoPlist.strings */ = {
			isa = PBXVariantGroup;
			children = (
				E1294ABF18DEDADC00D6703A /* en */,
			);
			name = InfoPlist.strings;
			sourceTree = "<group>";
		};
		E1294AD718DEDADC00D6703A /* InfoPlist.strings */ = {
			isa = PBXVariantGroup;
			children = (
				E1294AD818DEDADC00D6703A /* en */,
			);
			name = InfoPlist.strings;
			sourceTree = "<group>";
		};
/* End PBXVariantGroup section */

/* Begin XCBuildConfiguration section */
		E1294ADC18DEDADC00D6703A /* Debug */ = {
			isa = XCBuildConfiguration;
			buildSettings = {
				ALWAYS_SEARCH_USER_PATHS = NO;
				CLANG_CXX_LANGUAGE_STANDARD = "gnu++0x";
				CLANG_CXX_LIBRARY = "libc++";
				CLANG_ENABLE_MODULES = YES;
				CLANG_ENABLE_OBJC_ARC = YES;
				CLANG_WARN_BOOL_CONVERSION = YES;
				CLANG_WARN_CONSTANT_CONVERSION = YES;
				CLANG_WARN_DIRECT_OBJC_ISA_USAGE = YES_ERROR;
				CLANG_WARN_EMPTY_BODY = YES;
				CLANG_WARN_ENUM_CONVERSION = YES;
				CLANG_WARN_INT_CONVERSION = YES;
				CLANG_WARN_OBJC_ROOT_CLASS = YES_ERROR;
				CLANG_WARN__DUPLICATE_METHOD_MATCH = YES;
				"CODE_SIGN_IDENTITY[sdk=iphoneos*]" = "iPhone Developer";
				COPY_PHASE_STRIP = NO;
				GCC_C_LANGUAGE_STANDARD = gnu99;
				GCC_DYNAMIC_NO_PIC = NO;
				GCC_OPTIMIZATION_LEVEL = 0;
				GCC_PREPROCESSOR_DEFINITIONS = (
					"DEBUG=1",
					"$(inherited)",
				);
				GCC_SYMBOLS_PRIVATE_EXTERN = NO;
				GCC_WARN_64_TO_32_BIT_CONVERSION = YES;
				GCC_WARN_ABOUT_RETURN_TYPE = YES_ERROR;
				GCC_WARN_UNDECLARED_SELECTOR = YES;
				GCC_WARN_UNINITIALIZED_AUTOS = YES_AGGRESSIVE;
				GCC_WARN_UNUSED_FUNCTION = YES;
				GCC_WARN_UNUSED_VARIABLE = YES;
				IPHONEOS_DEPLOYMENT_TARGET = 7.1;
				ONLY_ACTIVE_ARCH = YES;
				SDKROOT = iphoneos;
			};
			name = Debug;
		};
		E1294ADD18DEDADC00D6703A /* Release */ = {
			isa = XCBuildConfiguration;
			buildSettings = {
				ALWAYS_SEARCH_USER_PATHS = NO;
				CLANG_CXX_LANGUAGE_STANDARD = "gnu++0x";
				CLANG_CXX_LIBRARY = "libc++";
				CLANG_ENABLE_MODULES = YES;
				CLANG_ENABLE_OBJC_ARC = YES;
				CLANG_WARN_BOOL_CONVERSION = YES;
				CLANG_WARN_CONSTANT_CONVERSION = YES;
				CLANG_WARN_DIRECT_OBJC_ISA_USAGE = YES_ERROR;
				CLANG_WARN_EMPTY_BODY = YES;
				CLANG_WARN_ENUM_CONVERSION = YES;
				CLANG_WARN_INT_CONVERSION = YES;
				CLANG_WARN_OBJC_ROOT_CLASS = YES_ERROR;
				CLANG_WARN__DUPLICATE_METHOD_MATCH = YES;
				"CODE_SIGN_IDENTITY[sdk=iphoneos*]" = "iPhone Developer";
				COPY_PHASE_STRIP = YES;
				ENABLE_NS_ASSERTIONS = NO;
				GCC_C_LANGUAGE_STANDARD = gnu99;
				GCC_WARN_64_TO_32_BIT_CONVERSION = YES;
				GCC_WARN_ABOUT_RETURN_TYPE = YES_ERROR;
				GCC_WARN_UNDECLARED_SELECTOR = YES;
				GCC_WARN_UNINITIALIZED_AUTOS = YES_AGGRESSIVE;
				GCC_WARN_UNUSED_FUNCTION = YES;
				GCC_WARN_UNUSED_VARIABLE = YES;
				IPHONEOS_DEPLOYMENT_TARGET = 7.1;
				SDKROOT = iphoneos;
				VALIDATE_PRODUCT = YES;
			};
			name = Release;
		};
		E1294ADF18DEDADC00D6703A /* Debug */ = {
			isa = XCBuildConfiguration;
			buildSettings = {
				ASSETCATALOG_COMPILER_APPICON_NAME = AppIcon;
				ASSETCATALOG_COMPILER_LAUNCHIMAGE_NAME = LaunchImage;
				CLANG_ENABLE_OBJC_ARC = NO;
				CODE_SIGN_IDENTITY = "iPhone Developer: Xingwen Wang (GMDVVF4Z9N)";
				GCC_PRECOMPILE_PREFIX_HEADER = YES;
				GCC_PREFIX_HEADER = "MoivePlayerTest/MoivePlayerTest-Prefix.pch";
				INFOPLIST_FILE = "MoivePlayerTest/MoivePlayerTest-Info.plist";
				IPHONEOS_DEPLOYMENT_TARGET = 6.0;
				LIBRARY_SEARCH_PATHS = "$(inherited)";
				PRODUCT_NAME = "$(TARGET_NAME)";
				PROVISIONING_PROFILE = "05A21954-BDD0-4FC3-906F-2E60D40AA17C";
				WRAPPER_EXTENSION = app;
			};
			name = Debug;
		};
		E1294AE018DEDADC00D6703A /* Release */ = {
			isa = XCBuildConfiguration;
			buildSettings = {
				ASSETCATALOG_COMPILER_APPICON_NAME = AppIcon;
				ASSETCATALOG_COMPILER_LAUNCHIMAGE_NAME = LaunchImage;
				CLANG_ENABLE_OBJC_ARC = NO;
				CODE_SIGN_IDENTITY = "iPhone Developer: Xingwen Wang (GMDVVF4Z9N)";
				GCC_PRECOMPILE_PREFIX_HEADER = YES;
				GCC_PREFIX_HEADER = "MoivePlayerTest/MoivePlayerTest-Prefix.pch";
				INFOPLIST_FILE = "MoivePlayerTest/MoivePlayerTest-Info.plist";
				IPHONEOS_DEPLOYMENT_TARGET = 6.0;
				LIBRARY_SEARCH_PATHS = "$(inherited)";
				PRODUCT_NAME = "$(TARGET_NAME)";
				PROVISIONING_PROFILE = "05A21954-BDD0-4FC3-906F-2E60D40AA17C";
				WRAPPER_EXTENSION = app;
			};
			name = Release;
		};
		E1294AE218DEDADC00D6703A /* Debug */ = {
			isa = XCBuildConfiguration;
			buildSettings = {
				BUNDLE_LOADER = "$(BUILT_PRODUCTS_DIR)/MoivePlayerTest.app/MoivePlayerTest";
				FRAMEWORK_SEARCH_PATHS = (
					"$(SDKROOT)/Developer/Library/Frameworks",
					"$(inherited)",
					"$(DEVELOPER_FRAMEWORKS_DIR)",
				);
				GCC_PRECOMPILE_PREFIX_HEADER = YES;
				GCC_PREFIX_HEADER = "MoivePlayerTest/MoivePlayerTest-Prefix.pch";
				GCC_PREPROCESSOR_DEFINITIONS = (
					"DEBUG=1",
					"$(inherited)",
				);
				INFOPLIST_FILE = "MoivePlayerTestTests/MoivePlayerTestTests-Info.plist";
				PRODUCT_NAME = "$(TARGET_NAME)";
				TEST_HOST = "$(BUNDLE_LOADER)";
				WRAPPER_EXTENSION = xctest;
			};
			name = Debug;
		};
		E1294AE318DEDADC00D6703A /* Release */ = {
			isa = XCBuildConfiguration;
			buildSettings = {
				BUNDLE_LOADER = "$(BUILT_PRODUCTS_DIR)/MoivePlayerTest.app/MoivePlayerTest";
				FRAMEWORK_SEARCH_PATHS = (
					"$(SDKROOT)/Developer/Library/Frameworks",
					"$(inherited)",
					"$(DEVELOPER_FRAMEWORKS_DIR)",
				);
				GCC_PRECOMPILE_PREFIX_HEADER = YES;
				GCC_PREFIX_HEADER = "MoivePlayerTest/MoivePlayerTest-Prefix.pch";
				INFOPLIST_FILE = "MoivePlayerTestTests/MoivePlayerTestTests-Info.plist";
				PRODUCT_NAME = "$(TARGET_NAME)";
				TEST_HOST = "$(BUNDLE_LOADER)";
				WRAPPER_EXTENSION = xctest;
			};
			name = Release;
		};
/* End XCBuildConfiguration section */

/* Begin XCConfigurationList section */
		E1294AAD18DEDADC00D6703A /* Build configuration list for PBXProject "MoivePlayerTest" */ = {
			isa = XCConfigurationList;
			buildConfigurations = (
				E1294ADC18DEDADC00D6703A /* Debug */,
				E1294ADD18DEDADC00D6703A /* Release */,
			);
			defaultConfigurationIsVisible = 0;
			defaultConfigurationName = Release;
		};
		E1294ADE18DEDADC00D6703A /* Build configuration list for PBXNativeTarget "MoivePlayerTest" */ = {
			isa = XCConfigurationList;
			buildConfigurations = (
				E1294ADF18DEDADC00D6703A /* Debug */,
				E1294AE018DEDADC00D6703A /* Release */,
			);
			defaultConfigurationIsVisible = 0;
			defaultConfigurationName = Release;
		};
		E1294AE118DEDADC00D6703A /* Build configuration list for PBXNativeTarget "MoivePlayerTestTests" */ = {
			isa = XCConfigurationList;
			buildConfigurations = (
				E1294AE218DEDADC00D6703A /* Debug */,
				E1294AE318DEDADC00D6703A /* Release */,
			);
			defaultConfigurationIsVisible = 0;
			defaultConfigurationName = Release;
		};
/* End XCConfigurationList section */
	};
	rootObject = E1294AAA18DEDADC00D6703A /* Project object */;
}
